
Microsoft Visual Studio Solution File, Format Version 12.00
# Visual Studio Version 17
VisualStudioVersion = 17.7.34018.315
MinimumVisualStudioVersion = 10.0.40219.1
Project("{FAE04EC0-301F-11D3-BF4B-00C04F79EFBC}") = "Projeto_final_Bloco1", "Projeto_final_Bloco1.csproj", "{5A4B1B39-DF6D-4001-92C3-BAF21359DE9D}"
EndProject
Global
	GlobalSection(SolutionConfigurationPlatforms) = preSolution
		Debug|Any CPU = Debug|Any CPU
		Release|Any CPU = Release|Any CPU
	EndGlobalSection
	GlobalSection(ProjectConfigurationPlatforms) = postSolution
		{5A4B1B39-DF6D-4001-92C3-BAF21359DE9D}.Debug|Any CPU.ActiveCfg = Debug|Any CPU
		{5A4B1B39-DF6D-4001-92C3-BAF21359DE9D}.Debug|Any CPU.Build.0 = Debug|Any CPU
		{5A4B1B39-DF6D-4001-92C3-BAF21359DE9D}.Release|Any CPU.ActiveCfg = Release|Any CPU
		{5A4B1B39-DF6D-4001-92C3-BAF21359DE9D}.Release|Any CPU.Build.0 = Release|Any CPU
	EndGlobalSection
	GlobalSection(SolutionProperties) = preSolution
		HideSolutionNode = FALSE
	EndGlobalSection
	GlobalSection(ExtensibilityGlobals) = postSolution
		SolutionGuid = {A69036E7-1606-4716-B963-E10C2BFE1561}
	EndGlobalSection
EndGlobal
